
Microsoft Visual Studio Solution File, Format Version 12.00
# Visual Studio Version 17
VisualStudioVersion = 17.13.35919.96
MinimumVisualStudioVersion = 10.0.40219.1
Project("{FAE04EC0-301F-11D3-BF4B-00C04F79EFBC}") = "YourHouse.Web", "YourHouse\YourHouse.Web.csproj", "{EAF384C7-A36B-4D5C-8B85-E4E4272FD100}"
EndProject
Project("{FAE04EC0-301F-11D3-BF4B-00C04F79EFBC}") = "YourHouse.Infrastructure", "YourHouse.Infrastructure\YourHouse.Infrastructure.csproj", "{DB25D0AE-7A14-494F-9F45-AF91C1EEC719}"
EndProject
Project("{FAE04EC0-301F-11D3-BF4B-00C04F79EFBC}") = "YourHouse.Domain", "YourHouse.Domain\YourHouse.Domain.csproj", "{FA0C7E7F-0083-4A59-A365-AD2494777C81}"
EndProject
Project("{FAE04EC0-301F-11D3-BF4B-00C04F79EFBC}") = "YourHouse.Application", "YourHouse.Application\YourHouse.Application.csproj", "{2CA879C2-FBCB-43C0-AAEF-14477E207A0C}"
EndProject
Global
	GlobalSection(SolutionConfigurationPlatforms) = preSolution
		Debug|Any CPU = Debug|Any CPU
		Release|Any CPU = Release|Any CPU
	EndGlobalSection
	GlobalSection(ProjectConfigurationPlatforms) = postSolution
		{EAF384C7-A36B-4D5C-8B85-E4E4272FD100}.Debug|Any CPU.ActiveCfg = Debug|Any CPU
		{EAF384C7-A36B-4D5C-8B85-E4E4272FD100}.Debug|Any CPU.Build.0 = Debug|Any CPU
		{EAF384C7-A36B-4D5C-8B85-E4E4272FD100}.Release|Any CPU.ActiveCfg = Release|Any CPU
		{EAF384C7-A36B-4D5C-8B85-E4E4272FD100}.Release|Any CPU.Build.0 = Release|Any CPU
		{DB25D0AE-7A14-494F-9F45-AF91C1EEC719}.Debug|Any CPU.ActiveCfg = Debug|Any CPU
		{DB25D0AE-7A14-494F-9F45-AF91C1EEC719}.Debug|Any CPU.Build.0 = Debug|Any CPU
		{DB25D0AE-7A14-494F-9F45-AF91C1EEC719}.Release|Any CPU.ActiveCfg = Release|Any CPU
		{DB25D0AE-7A14-494F-9F45-AF91C1EEC719}.Release|Any CPU.Build.0 = Release|Any CPU
		{FA0C7E7F-0083-4A59-A365-AD2494777C81}.Debug|Any CPU.ActiveCfg = Debug|Any CPU
		{FA0C7E7F-0083-4A59-A365-AD2494777C81}.Debug|Any CPU.Build.0 = Debug|Any CPU
		{FA0C7E7F-0083-4A59-A365-AD2494777C81}.Release|Any CPU.ActiveCfg = Release|Any CPU
		{FA0C7E7F-0083-4A59-A365-AD2494777C81}.Release|Any CPU.Build.0 = Release|Any CPU
		{2CA879C2-FBCB-43C0-AAEF-14477E207A0C}.Debug|Any CPU.ActiveCfg = Debug|Any CPU
		{2CA879C2-FBCB-43C0-AAEF-14477E207A0C}.Debug|Any CPU.Build.0 = Debug|Any CPU
		{2CA879C2-FBCB-43C0-AAEF-14477E207A0C}.Release|Any CPU.ActiveCfg = Release|Any CPU
		{2CA879C2-FBCB-43C0-AAEF-14477E207A0C}.Release|Any CPU.Build.0 = Release|Any CPU
	EndGlobalSection
	GlobalSection(SolutionProperties) = preSolution
		HideSolutionNode = FALSE
	EndGlobalSection
	GlobalSection(ExtensibilityGlobals) = postSolution
		SolutionGuid = {59202E40-70EA-4E1D-8B53-AF69C2026118}
	EndGlobalSection
EndGlobal
